
Microsoft Visual Studio Solution File, Format Version 12.00
# Visual Studio Version 16
VisualStudioVersion = 16.0.30804.86
MinimumVisualStudioVersion = 10.0.40219.1
Project("{FAE04EC0-301F-11D3-BF4B-00C04F79EFBC}") = "FurkanProject", "FurkanProject\FurkanProject.csproj", "{A17C0FC5-6D90-4317-9A96-C1D774D6B63D}"
EndProject
Project("{FAE04EC0-301F-11D3-BF4B-00C04F79EFBC}") = "FurkanProject.Core.Model", "FurkanProject.Core.Model\FurkanProject.Core.Model.csproj", "{06A67C8C-15C0-4386-A38A-B3176FDD3CE6}"
EndProject
Global
	GlobalSection(SolutionConfigurationPlatforms) = preSolution
		Debug|Any CPU = Debug|Any CPU
		Release|Any CPU = Release|Any CPU
	EndGlobalSection
	GlobalSection(ProjectConfigurationPlatforms) = postSolution
		{A17C0FC5-6D90-4317-9A96-C1D774D6B63D}.Debug|Any CPU.ActiveCfg = Debug|Any CPU
		{A17C0FC5-6D90-4317-9A96-C1D774D6B63D}.Debug|Any CPU.Build.0 = Debug|Any CPU
		{A17C0FC5-6D90-4317-9A96-C1D774D6B63D}.Release|Any CPU.ActiveCfg = Release|Any CPU
		{A17C0FC5-6D90-4317-9A96-C1D774D6B63D}.Release|Any CPU.Build.0 = Release|Any CPU
		{06A67C8C-15C0-4386-A38A-B3176FDD3CE6}.Debug|Any CPU.ActiveCfg = Debug|Any CPU
		{06A67C8C-15C0-4386-A38A-B3176FDD3CE6}.Debug|Any CPU.Build.0 = Debug|Any CPU
		{06A67C8C-15C0-4386-A38A-B3176FDD3CE6}.Release|Any CPU.ActiveCfg = Release|Any CPU
		{06A67C8C-15C0-4386-A38A-B3176FDD3CE6}.Release|Any CPU.Build.0 = Release|Any CPU
	EndGlobalSection
	GlobalSection(SolutionProperties) = preSolution
		HideSolutionNode = FALSE
	EndGlobalSection
	GlobalSection(ExtensibilityGlobals) = postSolution
		SolutionGuid = {7E6F9DBB-4BF8-4F62-B17C-345A900BF3EC}
	EndGlobalSection
EndGlobal
